
Microsoft Visual Studio Solution File, Format Version 12.00
# Visual Studio Version 16
VisualStudioVersion = 16.0.34031.81
MinimumVisualStudioVersion = 10.0.40219.1
Project("{2150E333-8FDC-42A3-9474-1A3956D46DE8}") = "Task0", "Task0", "{757A8F46-6C4F-4C0D-AA90-B81BF7DA0DEB}"
EndProject
Project("{FAE04EC0-301F-11D3-BF4B-00C04F79EFBC}") = "Tyuiu.ShakirovRR.Sprint0.Task0.V0", "Tyuiu.ShakirovRR.Sprint0.Task0.V0\Tyuiu.ShakirovRR.Sprint0.Task0.V0.csproj", "{13FAA2FA-6C2B-475B-BA0D-0D4E84319D9D}"
EndProject
Project("{2150E333-8FDC-42A3-9474-1A3956D46DE8}") = "Task1", "Task1", "{50D12185-3730-4606-8FE1-6DE7EF2AA7AF}"
EndProject
Project("{FAE04EC0-301F-11D3-BF4B-00C04F79EFBC}") = "Tyuiu.ShakirovRR.Sprint0.Task1.V0", "Tyuiu.ShakirovRR.Sprint0.Task1.V0\Tyuiu.ShakirovRR.Sprint0.Task1.V0.csproj", "{26843752-7D1D-4A7E-B47F-F7B227329CF0}"
EndProject
Project("{2150E333-8FDC-42A3-9474-1A3956D46DE8}") = "Task2", "Task2", "{3B3E13AF-D006-43D4-92E2-39DC05C6C20F}"
EndProject
Project("{FAE04EC0-301F-11D3-BF4B-00C04F79EFBC}") = "Tyuiu.ShakirovRR.Sprint0.Task2.V0", "Tyuiu.ShakirovRR.Sprint0.Task2.V0\Tyuiu.ShakirovRR.Sprint0.Task2.V0.csproj", "{90A3977E-38EC-4EA3-915A-0806E5807D5C}"
EndProject
Project("{FAE04EC0-301F-11D3-BF4B-00C04F79EFBC}") = "Tyuiu.ShakirovRR.Sprint0.Task2.V0.Lib", "Tyuiu.ShakirovRR.Sprint0.Task2.V0.Lib\Tyuiu.ShakirovRR.Sprint0.Task2.V0.Lib.csproj", "{E44601CB-2C44-4C07-8DEE-8E93ECE78F36}"
EndProject
Project("{FAE04EC0-301F-11D3-BF4B-00C04F79EFBC}") = "Tyuiu.ShakirovRR.Sprint0.Task2.V0.Test", "Tyuiu.ShakirovRR.Sprint0.Task2.V0.Test\Tyuiu.ShakirovRR.Sprint0.Task2.V0.Test.csproj", "{6BC54769-3876-47B9-BBB1-0670D243754A}"
EndProject
Project("{2150E333-8FDC-42A3-9474-1A3956D46DE8}") = "Task3", "Task3", "{0E8F1E34-D322-43CE-B25D-19409D44109E}"
EndProject
Project("{FAE04EC0-301F-11D3-BF4B-00C04F79EFBC}") = "Tyuiu.ShakirovRR.Sprint0.Task3.V0", "Tyuiu.ShakirovRR.Sprint0.Task3.V0\Tyuiu.ShakirovRR.Sprint0.Task3.V0.csproj", "{7C1DF654-130F-4D80-9B47-BF9E47918D17}"
EndProject
Project("{FAE04EC0-301F-11D3-BF4B-00C04F79EFBC}") = "Tyuiu.ShakirovRR.Sprint0.Task3.V0.Lib", "Tyuiu.ShakirovRR.Sprint0.Task3.V0.Lib\Tyuiu.ShakirovRR.Sprint0.Task3.V0.Lib.csproj", "{B6C7F206-91B6-46EC-A907-D2513C9D246C}"
EndProject
Project("{FAE04EC0-301F-11D3-BF4B-00C04F79EFBC}") = "Tyuiu.ShakirovRR.Sprint0.Task3.V0.Test", "Tyuiu.ShakirovRR.Sprint0.Task3.V0.Test\Tyuiu.ShakirovRR.Sprint0.Task3.V0.Test.csproj", "{8DD288CC-F7B7-4AAB-8340-9EE44C743829}"
EndProject
Project("{2150E333-8FDC-42A3-9474-1A3956D46DE8}") = "Task4", "Task4", "{50C2A1C0-1409-45FD-A3E6-0FB736CBD274}"
EndProject
Project("{FAE04EC0-301F-11D3-BF4B-00C04F79EFBC}") = "Tyuiu.ShakirovRR.Sprint0.Task4.V0", "Tyuiu.ShakirovRR.Sprint0.Task4.V0\Tyuiu.ShakirovRR.Sprint0.Task4.V0.csproj", "{444BF5C2-2849-4C2E-A1A4-CE7201882111}"
EndProject
Project("{FAE04EC0-301F-11D3-BF4B-00C04F79EFBC}") = "Tyuiu.ShakirovRR.Sprint0.Task4.V0.Lib", "Tyuiu.ShakirovRR.Sprint0.Task4.V0.Lib\Tyuiu.ShakirovRR.Sprint0.Task4.V0.Lib.csproj", "{5119EF0B-E933-4B3E-B8EC-763A7B6C8FA0}"
EndProject
Project("{FAE04EC0-301F-11D3-BF4B-00C04F79EFBC}") = "Tyuiu.ShakirovRR.Sprint0.Task4.V0.Test", "Tyuiu.ShakirovRR.Sprint0.Task4.V0.Test\Tyuiu.ShakirovRR.Sprint0.Task4.V0.Test.csproj", "{37F9689D-5DFD-427C-99EE-9AA8B87476DF}"
EndProject
Project("{2150E333-8FDC-42A3-9474-1A3956D46DE8}") = "Task5", "Task5", "{ED168F46-686E-4F38-9BC8-8E1E47A03BBE}"
EndProject
Project("{FAE04EC0-301F-11D3-BF4B-00C04F79EFBC}") = "Tyuiu.ShakirovRR.Sprint0.Task5.V0", "Tyuiu.ShakirovRR.Sprint0.Task5.V0\Tyuiu.ShakirovRR.Sprint0.Task5.V0.csproj", "{2A3E01A1-6632-4424-9A1D-1E13DF6EC88A}"
EndProject
Project("{FAE04EC0-301F-11D3-BF4B-00C04F79EFBC}") = "Tyuiu.ShakirovRR.Sprint0.Task5.V0.Lib", "Tyuiu.ShakirovRR.Sprint0.Task5.V0.Lib\Tyuiu.ShakirovRR.Sprint0.Task5.V0.Lib.csproj", "{7E79966F-F451-4275-B8D1-5A6DF9C2F2DC}"
EndProject
Project("{FAE04EC0-301F-11D3-BF4B-00C04F79EFBC}") = "Tyuiu.ShakirovRR.Sprint0.Task5.V0.Test", "Tyuiu.ShakirovRR.Sprint0.Task5.V0.Test\Tyuiu.ShakirovRR.Sprint0.Task5.V0.Test.csproj", "{0E67A655-8AD9-494A-83E0-F5460D8148FE}"
EndProject
Project("{2150E333-8FDC-42A3-9474-1A3956D46DE8}") = "Task6", "Task6", "{EE8B6F9B-BC7F-4BDE-9BFA-CE91100FC4FA}"
EndProject
Project("{FAE04EC0-301F-11D3-BF4B-00C04F79EFBC}") = "Tyuiu.ShakirovRR.Sprint0.Task6.V0", "Tyuiu.ShakirovRR.Sprint0.Task6.V0\Tyuiu.ShakirovRR.Sprint0.Task6.V0.csproj", "{EAEEEA8B-6525-4FB2-B7B9-1367EE842D88}"
EndProject
Project("{FAE04EC0-301F-11D3-BF4B-00C04F79EFBC}") = "Tyuiu.ShakirovRR.Sprint0.Task6.V0.Lib", "Tyuiu.ShakirovRR.Sprint0.Task6.V0.Lib\Tyuiu.ShakirovRR.Sprint0.Task6.V0.Lib.csproj", "{2F7E531E-20DB-43E9-82AD-BAA9F381D155}"
EndProject
Project("{FAE04EC0-301F-11D3-BF4B-00C04F79EFBC}") = "Tyuiu.ShakirovRR.Sprint0.Task6.V0.Test", "Tyuiu.ShakirovRR.Sprint0.Task6.V0.Test\Tyuiu.ShakirovRR.Sprint0.Task6.V0.Test.csproj", "{6F79DA53-17DB-4A54-9B0A-8334C5C9D079}"
EndProject
Global
	GlobalSection(SolutionConfigurationPlatforms) = preSolution
		Debug|Any CPU = Debug|Any CPU
		Release|Any CPU = Release|Any CPU
	EndGlobalSection
	GlobalSection(ProjectConfigurationPlatforms) = postSolution
		{13FAA2FA-6C2B-475B-BA0D-0D4E84319D9D}.Debug|Any CPU.ActiveCfg = Debug|Any CPU
		{13FAA2FA-6C2B-475B-BA0D-0D4E84319D9D}.Debug|Any CPU.Build.0 = Debug|Any CPU
		{13FAA2FA-6C2B-475B-BA0D-0D4E84319D9D}.Release|Any CPU.ActiveCfg = Release|Any CPU
		{13FAA2FA-6C2B-475B-BA0D-0D4E84319D9D}.Release|Any CPU.Build.0 = Release|Any CPU
		{26843752-7D1D-4A7E-B47F-F7B227329CF0}.Debug|Any CPU.ActiveCfg = Debug|Any CPU
		{26843752-7D1D-4A7E-B47F-F7B227329CF0}.Debug|Any CPU.Build.0 = Debug|Any CPU
		{26843752-7D1D-4A7E-B47F-F7B227329CF0}.Release|Any CPU.ActiveCfg = Release|Any CPU
		{26843752-7D1D-4A7E-B47F-F7B227329CF0}.Release|Any CPU.Build.0 = Release|Any CPU
		{90A3977E-38EC-4EA3-915A-0806E5807D5C}.Debug|Any CPU.ActiveCfg = Debug|Any CPU
		{90A3977E-38EC-4EA3-915A-0806E5807D5C}.Debug|Any CPU.Build.0 = Debug|Any CPU
		{90A3977E-38EC-4EA3-915A-0806E5807D5C}.Release|Any CPU.ActiveCfg = Release|Any CPU
		{90A3977E-38EC-4EA3-915A-0806E5807D5C}.Release|Any CPU.Build.0 = Release|Any CPU
		{E44601CB-2C44-4C07-8DEE-8E93ECE78F36}.Debug|Any CPU.ActiveCfg = Debug|Any CPU
		{E44601CB-2C44-4C07-8DEE-8E93ECE78F36}.Debug|Any CPU.Build.0 = Debug|Any CPU
		{E44601CB-2C44-4C07-8DEE-8E93ECE78F36}.Release|Any CPU.ActiveCfg = Release|Any CPU
		{E44601CB-2C44-4C07-8DEE-8E93ECE78F36}.Release|Any CPU.Build.0 = Release|Any CPU
		{6BC54769-3876-47B9-BBB1-0670D243754A}.Debug|Any CPU.ActiveCfg = Debug|Any CPU
		{6BC54769-3876-47B9-BBB1-0670D243754A}.Debug|Any CPU.Build.0 = Debug|Any CPU
		{6BC54769-3876-47B9-BBB1-0670D243754A}.Release|Any CPU.ActiveCfg = Release|Any CPU
		{6BC54769-3876-47B9-BBB1-0670D243754A}.Release|Any CPU.Build.0 = Release|Any CPU
		{7C1DF654-130F-4D80-9B47-BF9E47918D17}.Debug|Any CPU.ActiveCfg = Debug|Any CPU
		{7C1DF654-130F-4D80-9B47-BF9E47918D17}.Debug|Any CPU.Build.0 = Debug|Any CPU
		{7C1DF654-130F-4D80-9B47-BF9E47918D17}.Release|Any CPU.ActiveCfg = Release|Any CPU
		{7C1DF654-130F-4D80-9B47-BF9E47918D17}.Release|Any CPU.Build.0 = Release|Any CPU
		{B6C7F206-91B6-46EC-A907-D2513C9D246C}.Debug|Any CPU.ActiveCfg = Debug|Any CPU
		{B6C7F206-91B6-46EC-A907-D2513C9D246C}.Debug|Any CPU.Build.0 = Debug|Any CPU
		{B6C7F206-91B6-46EC-A907-D2513C9D246C}.Release|Any CPU.ActiveCfg = Release|Any CPU
		{B6C7F206-91B6-46EC-A907-D2513C9D246C}.Release|Any CPU.Build.0 = Release|Any CPU
		{8DD288CC-F7B7-4AAB-8340-9EE44C743829}.Debug|Any CPU.ActiveCfg = Debug|Any CPU
		{8DD288CC-F7B7-4AAB-8340-9EE44C743829}.Debug|Any CPU.Build.0 = Debug|Any CPU
		{8DD288CC-F7B7-4AAB-8340-9EE44C743829}.Release|Any CPU.ActiveCfg = Release|Any CPU
		{8DD288CC-F7B7-4AAB-8340-9EE44C743829}.Release|Any CPU.Build.0 = Release|Any CPU
		{444BF5C2-2849-4C2E-A1A4-CE7201882111}.Debug|Any CPU.ActiveCfg = Debug|Any CPU
		{444BF5C2-2849-4C2E-A1A4-CE7201882111}.Debug|Any CPU.Build.0 = Debug|Any CPU
		{444BF5C2-2849-4C2E-A1A4-CE7201882111}.Release|Any CPU.ActiveCfg = Release|Any CPU
		{444BF5C2-2849-4C2E-A1A4-CE7201882111}.Release|Any CPU.Build.0 = Release|Any CPU
		{5119EF0B-E933-4B3E-B8EC-763A7B6C8FA0}.Debug|Any CPU.ActiveCfg = Debug|Any CPU
		{5119EF0B-E933-4B3E-B8EC-763A7B6C8FA0}.Debug|Any CPU.Build.0 = Debug|Any CPU
		{5119EF0B-E933-4B3E-B8EC-763A7B6C8FA0}.Release|Any CPU.ActiveCfg = Release|Any CPU
		{5119EF0B-E933-4B3E-B8EC-763A7B6C8FA0}.Release|Any CPU.Build.0 = Release|Any CPU
		{37F9689D-5DFD-427C-99EE-9AA8B87476DF}.Debug|Any CPU.ActiveCfg = Debug|Any CPU
		{37F9689D-5DFD-427C-99EE-9AA8B87476DF}.Debug|Any CPU.Build.0 = Debug|Any CPU
		{37F9689D-5DFD-427C-99EE-9AA8B87476DF}.Release|Any CPU.ActiveCfg = Release|Any CPU
		{37F9689D-5DFD-427C-99EE-9AA8B87476DF}.Release|Any CPU.Build.0 = Release|Any CPU
		{2A3E01A1-6632-4424-9A1D-1E13DF6EC88A}.Debug|Any CPU.ActiveCfg = Debug|Any CPU
		{2A3E01A1-6632-4424-9A1D-1E13DF6EC88A}.Debug|Any CPU.Build.0 = Debug|Any CPU
		{2A3E01A1-6632-4424-9A1D-1E13DF6EC88A}.Release|Any CPU.ActiveCfg = Release|Any CPU
		{2A3E01A1-6632-4424-9A1D-1E13DF6EC88A}.Release|Any CPU.Build.0 = Release|Any CPU
		{7E79966F-F451-4275-B8D1-5A6DF9C2F2DC}.Debug|Any CPU.ActiveCfg = Debug|Any CPU
		{7E79966F-F451-4275-B8D1-5A6DF9C2F2DC}.Debug|Any CPU.Build.0 = Debug|Any CPU
		{7E79966F-F451-4275-B8D1-5A6DF9C2F2DC}.Release|Any CPU.ActiveCfg = Release|Any CPU
		{7E79966F-F451-4275-B8D1-5A6DF9C2F2DC}.Release|Any CPU.Build.0 = Release|Any CPU
		{0E67A655-8AD9-494A-83E0-F5460D8148FE}.Debug|Any CPU.ActiveCfg = Debug|Any CPU
		{0E67A655-8AD9-494A-83E0-F5460D8148FE}.Debug|Any CPU.Build.0 = Debug|Any CPU
		{0E67A655-8AD9-494A-83E0-F5460D8148FE}.Release|Any CPU.ActiveCfg = Release|Any CPU
		{0E67A655-8AD9-494A-83E0-F5460D8148FE}.Release|Any CPU.Build.0 = Release|Any CPU
		{EAEEEA8B-6525-4FB2-B7B9-1367EE842D88}.Debug|Any CPU.ActiveCfg = Debug|Any CPU
		{EAEEEA8B-6525-4FB2-B7B9-1367EE842D88}.Debug|Any CPU.Build.0 = Debug|Any CPU
		{EAEEEA8B-6525-4FB2-B7B9-1367EE842D88}.Release|Any CPU.ActiveCfg = Release|Any CPU
		{EAEEEA8B-6525-4FB2-B7B9-1367EE842D88}.Release|Any CPU.Build.0 = Release|Any CPU
		{2F7E531E-20DB-43E9-82AD-BAA9F381D155}.Debug|Any CPU.ActiveCfg = Debug|Any CPU
		{2F7E531E-20DB-43E9-82AD-BAA9F381D155}.Debug|Any CPU.Build.0 = Debug|Any CPU
		{2F7E531E-20DB-43E9-82AD-BAA9F381D155}.Release|Any CPU.ActiveCfg = Release|Any CPU
		{2F7E531E-20DB-43E9-82AD-BAA9F381D155}.Release|Any CPU.Build.0 = Release|Any CPU
		{6F79DA53-17DB-4A54-9B0A-8334C5C9D079}.Debug|Any CPU.ActiveCfg = Debug|Any CPU
		{6F79DA53-17DB-4A54-9B0A-8334C5C9D079}.Debug|Any CPU.Build.0 = Debug|Any CPU
		{6F79DA53-17DB-4A54-9B0A-8334C5C9D079}.Release|Any CPU.ActiveCfg = Release|Any CPU
		{6F79DA53-17DB-4A54-9B0A-8334C5C9D079}.Release|Any CPU.Build.0 = Release|Any CPU
	EndGlobalSection
	GlobalSection(SolutionProperties) = preSolution
		HideSolutionNode = FALSE
	EndGlobalSection
	GlobalSection(NestedProjects) = preSolution
		{13FAA2FA-6C2B-475B-BA0D-0D4E84319D9D} = {757A8F46-6C4F-4C0D-AA90-B81BF7DA0DEB}
		{26843752-7D1D-4A7E-B47F-F7B227329CF0} = {50D12185-3730-4606-8FE1-6DE7EF2AA7AF}
		{90A3977E-38EC-4EA3-915A-0806E5807D5C} = {3B3E13AF-D006-43D4-92E2-39DC05C6C20F}
		{E44601CB-2C44-4C07-8DEE-8E93ECE78F36} = {3B3E13AF-D006-43D4-92E2-39DC05C6C20F}
		{6BC54769-3876-47B9-BBB1-0670D243754A} = {3B3E13AF-D006-43D4-92E2-39DC05C6C20F}
		{7C1DF654-130F-4D80-9B47-BF9E47918D17} = {0E8F1E34-D322-43CE-B25D-19409D44109E}
		{B6C7F206-91B6-46EC-A907-D2513C9D246C} = {0E8F1E34-D322-43CE-B25D-19409D44109E}
		{8DD288CC-F7B7-4AAB-8340-9EE44C743829} = {0E8F1E34-D322-43CE-B25D-19409D44109E}
		{444BF5C2-2849-4C2E-A1A4-CE7201882111} = {50C2A1C0-1409-45FD-A3E6-0FB736CBD274}
		{5119EF0B-E933-4B3E-B8EC-763A7B6C8FA0} = {50C2A1C0-1409-45FD-A3E6-0FB736CBD274}
		{37F9689D-5DFD-427C-99EE-9AA8B87476DF} = {50C2A1C0-1409-45FD-A3E6-0FB736CBD274}
		{2A3E01A1-6632-4424-9A1D-1E13DF6EC88A} = {ED168F46-686E-4F38-9BC8-8E1E47A03BBE}
		{7E79966F-F451-4275-B8D1-5A6DF9C2F2DC} = {ED168F46-686E-4F38-9BC8-8E1E47A03BBE}
		{0E67A655-8AD9-494A-83E0-F5460D8148FE} = {ED168F46-686E-4F38-9BC8-8E1E47A03BBE}
		{EAEEEA8B-6525-4FB2-B7B9-1367EE842D88} = {EE8B6F9B-BC7F-4BDE-9BFA-CE91100FC4FA}
		{2F7E531E-20DB-43E9-82AD-BAA9F381D155} = {EE8B6F9B-BC7F-4BDE-9BFA-CE91100FC4FA}
		{6F79DA53-17DB-4A54-9B0A-8334C5C9D079} = {EE8B6F9B-BC7F-4BDE-9BFA-CE91100FC4FA}
	EndGlobalSection
	GlobalSection(ExtensibilityGlobals) = postSolution
		SolutionGuid = {06EC9D07-CB51-4806-94C2-011BEBED8AEF}
	EndGlobalSection
EndGlobal
